{
  "version": 4,
  "terraform_version": "1.9.8",
  "serial": 3,
  "lineage": "9db3761c-20ad-2ba8-cfab-2def57e35c7e",
  "outputs": {
    "endpoint": {
      "value": "146.148.55.9",
      "type": "string"
    },
    "kubeconfig": {
      "value": "146.148.55.9",
      "type": "string"
    }
  },
  "resources": [
    {
      "mode": "managed",
      "type": "google_container_cluster",
      "name": "primary",
      "provider": "provider[\"registry.terraform.io/hashicorp/google\"]",
      "instances": [
        {
          "schema_version": 1,
          "attributes": {
            "addons_config": [
              {
                "cloudrun_config": [],
                "horizontal_pod_autoscaling": [],
                "http_load_balancing": [],
                "network_policy_config": [
                  {
                    "disabled": true
                  }
                ]
              }
            ],
            "authenticator_groups_config": [],
            "cluster_autoscaling": [
              {
                "auto_provisioning_defaults": [],
                "enabled": false,
                "resource_limits": []
              }
            ],
            "cluster_ipv4_cidr": "10.104.0.0/14",
            "database_encryption": [
              {
                "key_name": "",
                "state": "DECRYPTED"
              }
            ],
            "datapath_provider": "",
            "default_max_pods_per_node": 110,
            "default_snat_status": [
              {
                "disabled": false
              }
            ],
            "description": "",
            "enable_autopilot": false,
            "enable_binary_authorization": false,
            "enable_intranode_visibility": false,
            "enable_kubernetes_alpha": false,
            "enable_legacy_abac": false,
            "enable_shielded_nodes": false,
            "enable_tpu": false,
            "endpoint": "146.148.55.9",
            "id": "projects/jarreb1/locations/us-central1/clusters/boutique-cluster",
            "initial_node_count": 1,
            "instance_group_urls": [],
            "ip_allocation_policy": [
              {
                "cluster_ipv4_cidr_block": "10.104.0.0/14",
                "cluster_secondary_range_name": "gke-boutique-cluster-pods-fa17d8c6",
                "services_ipv4_cidr_block": "34.118.224.0/20",
                "services_secondary_range_name": ""
              }
            ],
            "label_fingerprint": "a9dc16a7",
            "location": "us-central1",
            "logging_config": [
              {
                "enable_components": [
                  "SYSTEM_COMPONENTS",
                  "WORKLOADS"
                ]
              }
            ],
            "logging_service": "logging.googleapis.com/kubernetes",
            "maintenance_policy": [],
            "master_auth": [
              {
                "client_certificate": "",
                "client_certificate_config": [
                  {
                    "issue_client_certificate": false
                  }
                ],
                "client_key": "",
                "cluster_ca_certificate": "LS0tLS1CRUdJTiBDRVJUSUZJQ0FURS0tLS0tCk1JSUVMRENDQXBTZ0F3SUJBZ0lRUXpHM0Jhb0RwNEdHODhYTnNKdEFqVEFOQmdrcWhraUc5dzBCQVFzRkFEQXYKTVMwd0t3WURWUVFERXlRME5tRTNOMk00TkMwMVpqRmlMVFE0TkdVdE9Ua3laaTFtTVdZME1ETTNOV0ptT1RrdwpJQmNOTWpReE1qQTVNVGd3TURVM1doZ1BNakExTkRFeU1ESXhPVEF3TlRkYU1DOHhMVEFyQmdOVkJBTVRKRFEyCllUYzNZemcwTFRWbU1XSXRORGcwWlMwNU9USm1MV1l4WmpRd016YzFZbVk1T1RDQ0FhSXdEUVlKS29aSWh2Y04KQVFFQkJRQURnZ0dQQURDQ0FZb0NnZ0dCQUoxdHp1dXY1SmtIVFd0OEV3RFJrUE9JZytRUDRKeE1IRzNhWCtldApJVnNkQTNFOUFhZndNQXcvbktjYk9jS05jRVJxbC9zUnhDU1h3SU9xQkRYdU5Eekc3Wm9VeFVBVDdabEhMcHZjCnUxa3FCWENIMHUrYzJBWUJDcTJ0Mys0b3l1THVHTFQvS0dHdzhGR2s0Mm42ckV1eGd4NWYxSHprZU1EYU1KVmIKVWtVVXRrQkgxNnNRZU82YjBaaDFGbllseUVJbEVMMlBLd1owNTNjVGRtalRBcVhBOHpsT2FTUFNMRFlFakEzZApLUVAyeDNFaUEramI5cHpqRzZ0WGV4YlBVY1FaOGRuV0d5UDBaU1RNc28ybnArRHZWeElYeWg4djVpazVyQ2llCi9VaEZBQW0ybEdKSzVpUjlZSDB2Qm50dDNlMWt2VTBCeWlBUHl5d0gvOGJPcFo0a0NyOTcyOUdCZ3ZucVNldEMKU2NGcjNzTGErZkZpZ3RzU1Bvc1NHQXk2LzMxVGlSaU5adHNMYXJYM2ZaYnNRazg2RC9ydXhtbFV3a1hzZmpqQwprRkFCemZ3UFNaNmJlbnVYZG93UTBKZmxXU0lBVDVYMW93NTEzM3F4NjhsS2FuMUtWYXVvMHdhdkJVNEYzQ3JMCmdSMmJlQVZBa1F4eXNHRm13dWpkSU5WRnh3SURBUUFCbzBJd1FEQU9CZ05WSFE4QkFmOEVCQU1DQWdRd0R3WUQKVlIwVEFRSC9CQVV3QXdFQi96QWRCZ05WSFE0RUZnUVV6MVZjdDZieFlSSExNR09wOUlKWWFZWll1RUl3RFFZSgpLb1pJaHZjTkFRRUxCUUFEZ2dHQkFDbUphUjhYUjlTM1ZCRzVSNlMvNlUyQzB3eFBjTDhWNVZFZHU5dWFvOHRNClRPL0xlMjU0ajVHNC84ejdFRzVHZHA5RDc1NnlNb0I3MlRPSXRYN3lHSXUzdDB1aE50Rmx6MS9vcEhMRE45TUsKTUZESmh5ZkRPanA4UTBqUWtJeWNDcnUyUnQ1NG9OR21vYWcyekJEVHJSenB4ek0yMVN6RTZoZjVmcW1zTHpZMgplVllDaWNPS0NEWlQvOW8yL1NubmJxeHlqLzNOM3M3Sk9vR3drK1RiSkF3Yk9pUnR1STU5blZQQU5JWmVVbGx5CmFuNWplS0ZhSjM5M3FFN2RFYVlLd1NYMkxReU41bk5OT2prVFA2MmFXalFwaVppLzF6NlJ3cXBlc2cwSjVlOUUKdTd3OHMxVURIVi9GT3paaDlZaUxlSzYzRjN1QVdrcy9kaHM5K0VpaXp4bkdEdGhHKzhSYUEwL24ydm1NSWx4YwpzQ0lWbDgvNUFJU3pqOThPQWxyVDZtWUVCQU5Ud1YyZ08rR2hxZVE1ZG5PVmxWOW5BNGRxNzJVTXJGcmYyQm95ClB2VlpVeHlPR3lpTWFDT01tOWJOQ0lwRllLdUIzMmFWNUlQcXFOZStQdTFlVW03aVNTRWZOK2RHYVZXNi9kdm8KeFlsdEJKblJCai95RzhEVHpISVdsQT09Ci0tLS0tRU5EIENFUlRJRklDQVRFLS0tLS0K",
                "password": "",
                "username": ""
              }
            ],
            "master_authorized_networks_config": [],
            "master_version": "1.30.5-gke.1699000",
            "min_master_version": null,
            "monitoring_config": [
              {
                "enable_components": [
                  "SYSTEM_COMPONENTS",
                  "DEPLOYMENT",
                  "STATEFULSET",
                  "STORAGE",
                  "HPA",
                  "POD",
                  "DAEMONSET",
                  "CADVISOR",
                  "KUBELET"
                ]
              }
            ],
            "monitoring_service": "monitoring.googleapis.com/kubernetes",
            "name": "boutique-cluster",
            "network": "projects/jarreb1/global/networks/default",
            "network_policy": [
              {
                "enabled": false,
                "provider": "PROVIDER_UNSPECIFIED"
              }
            ],
            "networking_mode": "VPC_NATIVE",
            "node_config": [],
            "node_locations": [
              "us-central1-b",
              "us-central1-c",
              "us-central1-f"
            ],
            "node_pool": [],
            "node_version": "1.30.5-gke.1699000",
            "operation": null,
            "pod_security_policy_config": [],
            "private_cluster_config": [
              {
                "enable_private_endpoint": false,
                "enable_private_nodes": false,
                "master_global_access_config": [
                  {
                    "enabled": false
                  }
                ],
                "master_ipv4_cidr_block": "",
                "peering_name": "",
                "private_endpoint": "10.128.0.62",
                "public_endpoint": "146.148.55.9"
              }
            ],
            "private_ipv6_google_access": "",
            "project": "jarreb1",
            "release_channel": [
              {
                "channel": "REGULAR"
              }
            ],
            "remove_default_node_pool": true,
            "resource_labels": null,
            "resource_usage_export_config": [],
            "self_link": "https://container.googleapis.com/v1beta1/projects/jarreb1/locations/us-central1/clusters/boutique-cluster",
            "services_ipv4_cidr": "34.118.224.0/20",
            "subnetwork": "projects/jarreb1/regions/us-central1/subnetworks/default",
            "timeouts": null,
            "tpu_ipv4_cidr_block": "",
            "vertical_pod_autoscaling": [],
            "workload_identity_config": []
          },
          "sensitive_attributes": [
            [
              {
                "type": "get_attr",
                "value": "master_auth"
              },
              {
                "type": "index",
                "value": {
                  "value": 0,
                  "type": "number"
                }
              },
              {
                "type": "get_attr",
                "value": "password"
              }
            ],
            [
              {
                "type": "get_attr",
                "value": "master_auth"
              },
              {
                "type": "index",
                "value": {
                  "value": 0,
                  "type": "number"
                }
              },
              {
                "type": "get_attr",
                "value": "client_key"
              }
            ]
          ],
          "private": "eyJlMmJmYjczMC1lY2FhLTExZTYtOGY4OC0zNDM2M2JjN2M0YzAiOnsiY3JlYXRlIjoyNDAwMDAwMDAwMDAwLCJkZWxldGUiOjI0MDAwMDAwMDAwMDAsInJlYWQiOjI0MDAwMDAwMDAwMDAsInVwZGF0ZSI6MzYwMDAwMDAwMDAwMH0sInNjaGVtYV92ZXJzaW9uIjoiMSJ9"
        }
      ]
    },
    {
      "mode": "managed",
      "type": "google_container_node_pool",
      "name": "primary_nodes",
      "provider": "provider[\"registry.terraform.io/hashicorp/google\"]",
      "instances": [
        {
          "schema_version": 1,
          "attributes": {
            "autoscaling": [],
            "cluster": "boutique-cluster",
            "id": "projects/jarreb1/locations/us-central1/clusters/boutique-cluster/nodePools/primary-node-pool",
            "initial_node_count": 4,
            "instance_group_urls": [
              "https://www.googleapis.com/compute/v1/projects/jarreb1/zones/us-central1-a/instanceGroupManagers/gke-boutique-cluster-primary-node-poo-f871f1c0-grp"
            ],
            "location": "us-central1",
            "management": [
              {
                "auto_repair": true,
                "auto_upgrade": true
              }
            ],
            "max_pods_per_node": 110,
            "name": "primary-node-pool",
            "name_prefix": "",
            "node_config": [
              {
                "disk_size_gb": 10,
                "disk_type": "pd-balanced",
                "guest_accelerator": [],
                "image_type": "COS_CONTAINERD",
                "labels": {},
                "local_ssd_count": 0,
                "machine_type": "e2-standard-2",
                "metadata": {
                  "disable-legacy-endpoints": "true"
                },
                "min_cpu_platform": "",
                "oauth_scopes": [
                  "https://www.googleapis.com/auth/cloud-platform"
                ],
                "preemptible": true,
                "service_account": "default",
                "shielded_instance_config": [
                  {
                    "enable_integrity_monitoring": true,
                    "enable_secure_boot": false
                  }
                ],
                "tags": null,
                "taint": [],
                "workload_metadata_config": []
              }
            ],
            "node_count": 4,
            "node_locations": [
              "us-central1-a"
            ],
            "operation": null,
            "project": "jarreb1",
            "timeouts": null,
            "upgrade_settings": [
              {
                "max_surge": 1,
                "max_unavailable": 0
              }
            ],
            "version": "1.30.5-gke.1699000"
          },
          "sensitive_attributes": [],
          "private": "eyJlMmJmYjczMC1lY2FhLTExZTYtOGY4OC0zNDM2M2JjN2M0YzAiOnsiY3JlYXRlIjoxODAwMDAwMDAwMDAwLCJkZWxldGUiOjE4MDAwMDAwMDAwMDAsInVwZGF0ZSI6MTgwMDAwMDAwMDAwMH0sInNjaGVtYV92ZXJzaW9uIjoiMSJ9",
          "dependencies": [
            "google_container_cluster.primary"
          ]
        }
      ]
    }
  ],
  "check_results": null
}
